
Microsoft Visual Studio Solution File, Format Version 12.00
# Visual Studio Version 17
VisualStudioVersion = 17.7.34031.279
MinimumVisualStudioVersion = 10.0.40219.1
Project("{FAE04EC0-301F-11D3-BF4B-00C04F79EFBC}") = "Cook Craft", "Cook Craft\Cook Craft.csproj", "{B464CF4B-BF12-4EF9-8F54-D8AA27B474ED}"
EndProject
Global
	GlobalSection(SolutionConfigurationPlatforms) = preSolution
		Debug|Any CPU = Debug|Any CPU
		Release|Any CPU = Release|Any CPU
	EndGlobalSection
	GlobalSection(ProjectConfigurationPlatforms) = postSolution
		{B464CF4B-BF12-4EF9-8F54-D8AA27B474ED}.Debug|Any CPU.ActiveCfg = Debug|Any CPU
		{B464CF4B-BF12-4EF9-8F54-D8AA27B474ED}.Debug|Any CPU.Build.0 = Debug|Any CPU
		{B464CF4B-BF12-4EF9-8F54-D8AA27B474ED}.Release|Any CPU.ActiveCfg = Release|Any CPU
		{B464CF4B-BF12-4EF9-8F54-D8AA27B474ED}.Release|Any CPU.Build.0 = Release|Any CPU
	EndGlobalSection
	GlobalSection(SolutionProperties) = preSolution
		HideSolutionNode = FALSE
	EndGlobalSection
	GlobalSection(ExtensibilityGlobals) = postSolution
		SolutionGuid = {7DF4141C-3952-40F4-9808-1749DC2A23BC}
	EndGlobalSection
EndGlobal
